# This file is autogenerated, do not edit; changes may be undone by the next 'dep ensure'.


[[projects]]
  digest = "1:3f9567ecebc1af9570bf7173f347db311e97718a41e2d6b973780aca1a7d2354"
  name = "github.com/anthonynsimon/bild"
  packages = [
    "clone",
    "math/f64",
    "parallel",
    "transform",
  ]
  pruneopts = "UT"
  revision = "00f2a4c32da7ccb9bc7b2a2c7968b97fc2113645"
  version = "v0.12.0"

[[projects]]
  digest = "1:84a35669b4b31cc20ffc89c3b2ab32f2189fb2366a973efa1c25e009ef6ae1c6"
  name = "github.com/julienschmidt/httprouter"
  packages = ["."]
  pruneopts = "UT"
  revision = "4eec211fa4e8df74ed978dc5681612131854144f"
  version = "v1.3.0"

[solve-meta]
  analyzer-name = "dep"
  analyzer-version = 1
  input-imports = [
    "github.com/anthonynsimon/bild/transform",
    "github.com/julienschmidt/httprouter",
  ]
  solver-name = "gps-cdcl"
  solver-version = 1
